// !$*UTF8*$!
{
	archiveVersion = 1;
	classes = {
	};
	objectVersion = 50;
	objects = {

/* Begin PBXBuildFile section */
		5AE516BD254F24730004DB49 /* main.cpp in Sources */ = {isa = PBXBuildFile; fileRef = 5AE516BC254F24730004DB49 /* main.cpp */; };
		5AE516C6254F24940004DB49 /* maze.cpp in Sources */ = {isa = PBXBuildFile; fileRef = 5AE516C5254F24940004DB49 /* maze.cpp */; };
		5AE516D0254FEF270004DB49 /* randomwriter.cpp in Sources */ = {isa = PBXBuildFile; fileRef = 5AE516CE254FEF270004DB49 /* randomwriter.cpp */; };
		5AE51753254FF41D0004DB49 /* genlib.cpp in Sources */ = {isa = PBXBuildFile; fileRef = 5AE51731254FF41C0004DB49 /* genlib.cpp */; };
		5AE51754254FF41D0004DB49 /* init.cpp in Sources */ = {isa = PBXBuildFile; fileRef = 5AE51732254FF41C0004DB49 /* init.cpp */; };
		5AE51755254FF41D0004DB49 /* testgraphics.cpp in Sources */ = {isa = PBXBuildFile; fileRef = 5AE51733254FF41C0004DB49 /* testgraphics.cpp */; };
		5AE51756254FF41D0004DB49 /* Socket.cpp in Sources */ = {isa = PBXBuildFile; fileRef = 5AE51734254FF41C0004DB49 /* Socket.cpp */; };
		5AE51757254FF41D0004DB49 /* graphics.cpp in Sources */ = {isa = PBXBuildFile; fileRef = 5AE51738254FF41C0004DB49 /* graphics.cpp */; };
		5AE51758254FF41D0004DB49 /* extgraph.cpp in Sources */ = {isa = PBXBuildFile; fileRef = 5AE5173B254FF41C0004DB49 /* extgraph.cpp */; };
		5AE51759254FF41D0004DB49 /* strutils.cpp in Sources */ = {isa = PBXBuildFile; fileRef = 5AE51740254FF41C0004DB49 /* strutils.cpp */; };
		5AE5175A254FF41D0004DB49 /* scanner.cpp in Sources */ = {isa = PBXBuildFile; fileRef = 5AE51748254FF41D0004DB49 /* scanner.cpp */; };
		5AE5175B254FF41D0004DB49 /* random.cpp in Sources */ = {isa = PBXBuildFile; fileRef = 5AE5174A254FF41D0004DB49 /* random.cpp */; };
		5AE5175C254FF41D0004DB49 /* ClientSocket.cpp in Sources */ = {isa = PBXBuildFile; fileRef = 5AE5174B254FF41D0004DB49 /* ClientSocket.cpp */; };
		5AE5175D254FF41D0004DB49 /* sound.cpp in Sources */ = {isa = PBXBuildFile; fileRef = 5AE5174E254FF41D0004DB49 /* sound.cpp */; };
		5AE5175E254FF41D0004DB49 /* simpio.cpp in Sources */ = {isa = PBXBuildFile; fileRef = 5AE5174F254FF41D0004DB49 /* simpio.cpp */; };
		5AE5175F254FF41D0004DB49 /* graphicsclient.cpp in Sources */ = {isa = PBXBuildFile; fileRef = 5AE51750254FF41D0004DB49 /* graphicsclient.cpp */; };
		5AE51760254FF41D0004DB49 /* lexicon.cpp in Sources */ = {isa = PBXBuildFile; fileRef = 5AE51752254FF41D0004DB49 /* lexicon.cpp */; };
		5AE51784254FF5520004DB49 /* main.cpp in Sources */ = {isa = PBXBuildFile; fileRef = 5AE5176B254FF5500004DB49 /* main.cpp */; };
		5AE51785254FF5520004DB49 /* gmath.cpp in Sources */ = {isa = PBXBuildFile; fileRef = 5AE5176C254FF5500004DB49 /* gmath.cpp */; };
		5AE51786254FF5520004DB49 /* direction.cpp in Sources */ = {isa = PBXBuildFile; fileRef = 5AE5176D254FF5510004DB49 /* direction.cpp */; };
		5AE51787254FF5520004DB49 /* filelib.cpp in Sources */ = {isa = PBXBuildFile; fileRef = 5AE5176E254FF5510004DB49 /* filelib.cpp */; };
		5AE51788254FF5520004DB49 /* startup.cpp in Sources */ = {isa = PBXBuildFile; fileRef = 5AE5176F254FF5510004DB49 /* startup.cpp */; };
		5AE51789254FF5520004DB49 /* random.cpp in Sources */ = {isa = PBXBuildFile; fileRef = 5AE51770254FF5510004DB49 /* random.cpp */; };
		5AE5178A254FF5520004DB49 /* strlib.cpp in Sources */ = {isa = PBXBuildFile; fileRef = 5AE51771254FF5510004DB49 /* strlib.cpp */; };
		5AE5178B254FF5520004DB49 /* platform.cpp in Sources */ = {isa = PBXBuildFile; fileRef = 5AE51772254FF5510004DB49 /* platform.cpp */; };
		5AE5178C254FF5520004DB49 /* gtimer.cpp in Sources */ = {isa = PBXBuildFile; fileRef = 5AE51773254FF5510004DB49 /* gtimer.cpp */; };
		5AE5178D254FF5520004DB49 /* console.cpp in Sources */ = {isa = PBXBuildFile; fileRef = 5AE51774254FF5510004DB49 /* console.cpp */; };
		5AE5178E254FF5520004DB49 /* gevents.cpp in Sources */ = {isa = PBXBuildFile; fileRef = 5AE51775254FF5510004DB49 /* gevents.cpp */; };
		5AE5178F254FF5520004DB49 /* thread.cpp in Sources */ = {isa = PBXBuildFile; fileRef = 5AE51776254FF5510004DB49 /* thread.cpp */; };
		5AE51790254FF5520004DB49 /* gtypes.cpp in Sources */ = {isa = PBXBuildFile; fileRef = 5AE51777254FF5510004DB49 /* gtypes.cpp */; };
		5AE51791254FF5520004DB49 /* simpio.cpp in Sources */ = {isa = PBXBuildFile; fileRef = 5AE51778254FF5510004DB49 /* simpio.cpp */; };
		5AE51792254FF5520004DB49 /* tplatform-posix.cpp in Sources */ = {isa = PBXBuildFile; fileRef = 5AE51779254FF5510004DB49 /* tplatform-posix.cpp */; };
		5AE51793254FF5520004DB49 /* tokenscanner.cpp in Sources */ = {isa = PBXBuildFile; fileRef = 5AE5177A254FF5510004DB49 /* tokenscanner.cpp */; };
		5AE51794254FF5520004DB49 /* point.cpp in Sources */ = {isa = PBXBuildFile; fileRef = 5AE5177B254FF5510004DB49 /* point.cpp */; };
		5AE51795254FF5520004DB49 /* lexicon.cpp in Sources */ = {isa = PBXBuildFile; fileRef = 5AE5177C254FF5510004DB49 /* lexicon.cpp */; };
		5AE51796254FF5520004DB49 /* hashmap.cpp in Sources */ = {isa = PBXBuildFile; fileRef = 5AE5177D254FF5510004DB49 /* hashmap.cpp */; };
		5AE51797254FF5520004DB49 /* sound.cpp in Sources */ = {isa = PBXBuildFile; fileRef = 5AE5177E254FF5520004DB49 /* sound.cpp */; };
		5AE51798254FF5520004DB49 /* ginteractors.cpp in Sources */ = {isa = PBXBuildFile; fileRef = 5AE5177F254FF5520004DB49 /* ginteractors.cpp */; };
		5AE51799254FF5520004DB49 /* gobjects.cpp in Sources */ = {isa = PBXBuildFile; fileRef = 5AE51780254FF5520004DB49 /* gobjects.cpp */; };
		5AE5179A254FF5520004DB49 /* error.cpp in Sources */ = {isa = PBXBuildFile; fileRef = 5AE51781254FF5520004DB49 /* error.cpp */; };
		5AE5179B254FF5520004DB49 /* gwindow.cpp in Sources */ = {isa = PBXBuildFile; fileRef = 5AE51783254FF5520004DB49 /* gwindow.cpp */; };
/* End PBXBuildFile section */

/* Begin PBXCopyFilesBuildPhase section */
		5AE516B7254F24730004DB49 /* CopyFiles */ = {
			isa = PBXCopyFilesBuildPhase;
			buildActionMask = 2147483647;
			dstPath = /usr/share/man/man1/;
			dstSubfolderSpec = 0;
			files = (
			);
			runOnlyForDeploymentPostprocessing = 1;
		};
/* End PBXCopyFilesBuildPhase section */

/* Begin PBXFileReference section */
		5AE516B9254F24730004DB49 /* ADTAssign */ = {isa = PBXFileReference; explicitFileType = "compiled.mach-o.executable"; includeInIndex = 0; path = ADTAssign; sourceTree = BUILT_PRODUCTS_DIR; };
		5AE516BC254F24730004DB49 /* main.cpp */ = {isa = PBXFileReference; lastKnownFileType = sourcecode.cpp.cpp; path = main.cpp; sourceTree = "<group>"; };
		5AE516C4254F24940004DB49 /* maze.h */ = {isa = PBXFileReference; fileEncoding = 4; lastKnownFileType = sourcecode.c.h; path = maze.h; sourceTree = "<group>"; };
		5AE516C5254F24940004DB49 /* maze.cpp */ = {isa = PBXFileReference; fileEncoding = 4; lastKnownFileType = sourcecode.cpp.cpp; path = maze.cpp; sourceTree = "<group>"; };
		5AE516CE254FEF270004DB49 /* randomwriter.cpp */ = {isa = PBXFileReference; lastKnownFileType = sourcecode.cpp.cpp; path = randomwriter.cpp; sourceTree = "<group>"; };
		5AE516CF254FEF270004DB49 /* randomwriter.hpp */ = {isa = PBXFileReference; lastKnownFileType = sourcecode.cpp.h; path = randomwriter.hpp; sourceTree = "<group>"; };
		5AE516D4254FF0E70004DB49 /* lib */ = {isa = PBXFileReference; lastKnownFileType = folder; name = lib; path = ../lib; sourceTree = "<group>"; };
		5AE51731254FF41C0004DB49 /* genlib.cpp */ = {isa = PBXFileReference; fileEncoding = 4; lastKnownFileType = sourcecode.cpp.cpp; name = genlib.cpp; path = ../../lib/genlib.cpp; sourceTree = "<group>"; };
		5AE51732254FF41C0004DB49 /* init.cpp */ = {isa = PBXFileReference; fileEncoding = 4; lastKnownFileType = sourcecode.cpp.cpp; name = init.cpp; path = ../../lib/init.cpp; sourceTree = "<group>"; };
		5AE51733254FF41C0004DB49 /* testgraphics.cpp */ = {isa = PBXFileReference; fileEncoding = 4; lastKnownFileType = sourcecode.cpp.cpp; name = testgraphics.cpp; path = ../../lib/testgraphics.cpp; sourceTree = "<group>"; };
		5AE51734254FF41C0004DB49 /* Socket.cpp */ = {isa = PBXFileReference; fileEncoding = 4; lastKnownFileType = sourcecode.cpp.cpp; name = Socket.cpp; path = ../../lib/Socket.cpp; sourceTree = "<group>"; };
		5AE51735254FF41C0004DB49 /* graphicsclient.h */ = {isa = PBXFileReference; fileEncoding = 4; lastKnownFileType = sourcecode.c.h; name = graphicsclient.h; path = ../../lib/graphicsclient.h; sourceTree = "<group>"; };
		5AE51736254FF41C0004DB49 /* vector.h */ = {isa = PBXFileReference; fileEncoding = 4; lastKnownFileType = sourcecode.c.h; name = vector.h; path = ../../lib/vector.h; sourceTree = "<group>"; };
		5AE51737254FF41C0004DB49 /* genlib.h */ = {isa = PBXFileReference; fileEncoding = 4; lastKnownFileType = sourcecode.c.h; name = genlib.h; path = ../../lib/genlib.h; sourceTree = "<group>"; };
		5AE51738254FF41C0004DB49 /* graphics.cpp */ = {isa = PBXFileReference; fileEncoding = 4; lastKnownFileType = sourcecode.cpp.cpp; name = graphics.cpp; path = ../../lib/graphics.cpp; sourceTree = "<group>"; };
		5AE51739254FF41C0004DB49 /* lexicon.h */ = {isa = PBXFileReference; fileEncoding = 4; lastKnownFileType = sourcecode.c.h; name = lexicon.h; path = ../../lib/lexicon.h; sourceTree = "<group>"; };
		5AE5173A254FF41C0004DB49 /* extgraph.h */ = {isa = PBXFileReference; fileEncoding = 4; lastKnownFileType = sourcecode.c.h; name = extgraph.h; path = ../../lib/extgraph.h; sourceTree = "<group>"; };
		5AE5173B254FF41C0004DB49 /* extgraph.cpp */ = {isa = PBXFileReference; fileEncoding = 4; lastKnownFileType = sourcecode.cpp.cpp; name = extgraph.cpp; path = ../../lib/extgraph.cpp; sourceTree = "<group>"; };
		5AE5173C254FF41C0004DB49 /* private */ = {isa = PBXFileReference; lastKnownFileType = folder; name = private; path = ../../lib/private; sourceTree = "<group>"; };
		5AE5173D254FF41C0004DB49 /* SocketException.h */ = {isa = PBXFileReference; fileEncoding = 4; lastKnownFileType = sourcecode.c.h; name = SocketException.h; path = ../../lib/SocketException.h; sourceTree = "<group>"; };
		5AE5173E254FF41C0004DB49 /* stack.h */ = {isa = PBXFileReference; fileEncoding = 4; lastKnownFileType = sourcecode.c.h; name = stack.h; path = ../../lib/stack.h; sourceTree = "<group>"; };
		5AE5173F254FF41C0004DB49 /* ClientSocket.h */ = {isa = PBXFileReference; fileEncoding = 4; lastKnownFileType = sourcecode.c.h; name = ClientSocket.h; path = ../../lib/ClientSocket.h; sourceTree = "<group>"; };
		5AE51740254FF41C0004DB49 /* strutils.cpp */ = {isa = PBXFileReference; fileEncoding = 4; lastKnownFileType = sourcecode.cpp.cpp; name = strutils.cpp; path = ../../lib/strutils.cpp; sourceTree = "<group>"; };
		5AE51741254FF41C0004DB49 /* testgraphics.h */ = {isa = PBXFileReference; fileEncoding = 4; lastKnownFileType = sourcecode.c.h; name = testgraphics.h; path = ../../lib/testgraphics.h; sourceTree = "<group>"; };
		5AE51742254FF41C0004DB49 /* scanner.h */ = {isa = PBXFileReference; fileEncoding = 4; lastKnownFileType = sourcecode.c.h; name = scanner.h; path = ../../lib/scanner.h; sourceTree = "<group>"; };
		5AE51743254FF41C0004DB49 /* strutils.h */ = {isa = PBXFileReference; fileEncoding = 4; lastKnownFileType = sourcecode.c.h; name = strutils.h; path = ../../lib/strutils.h; sourceTree = "<group>"; };
		5AE51744254FF41C0004DB49 /* random.h */ = {isa = PBXFileReference; fileEncoding = 4; lastKnownFileType = sourcecode.c.h; name = random.h; path = ../../lib/random.h; sourceTree = "<group>"; };
		5AE51745254FF41C0004DB49 /* Socket.h */ = {isa = PBXFileReference; fileEncoding = 4; lastKnownFileType = sourcecode.c.h; name = Socket.h; path = ../../lib/Socket.h; sourceTree = "<group>"; };
		5AE51746254FF41C0004DB49 /* foreach.h */ = {isa = PBXFileReference; fileEncoding = 4; lastKnownFileType = sourcecode.c.h; name = foreach.h; path = ../../lib/foreach.h; sourceTree = "<group>"; };
		5AE51747254FF41D0004DB49 /* sound.h */ = {isa = PBXFileReference; fileEncoding = 4; lastKnownFileType = sourcecode.c.h; name = sound.h; path = ../../lib/sound.h; sourceTree = "<group>"; };
		5AE51748254FF41D0004DB49 /* scanner.cpp */ = {isa = PBXFileReference; fileEncoding = 4; lastKnownFileType = sourcecode.cpp.cpp; name = scanner.cpp; path = ../../lib/scanner.cpp; sourceTree = "<group>"; };
		5AE51749254FF41D0004DB49 /* init.h */ = {isa = PBXFileReference; fileEncoding = 4; lastKnownFileType = sourcecode.c.h; name = init.h; path = ../../lib/init.h; sourceTree = "<group>"; };
		5AE5174A254FF41D0004DB49 /* random.cpp */ = {isa = PBXFileReference; fileEncoding = 4; lastKnownFileType = sourcecode.cpp.cpp; name = random.cpp; path = ../../lib/random.cpp; sourceTree = "<group>"; };
		5AE5174B254FF41D0004DB49 /* ClientSocket.cpp */ = {isa = PBXFileReference; fileEncoding = 4; lastKnownFileType = sourcecode.cpp.cpp; name = ClientSocket.cpp; path = ../../lib/ClientSocket.cpp; sourceTree = "<group>"; };
		5AE5174C254FF41D0004DB49 /* lexicon.dat */ = {isa = PBXFileReference; lastKnownFileType = file; name = lexicon.dat; path = ../../lib/lexicon.dat; sourceTree = "<group>"; };
		5AE5174D254FF41D0004DB49 /* graphics.h */ = {isa = PBXFileReference; fileEncoding = 4; lastKnownFileType = sourcecode.c.h; name = graphics.h; path = ../../lib/graphics.h; sourceTree = "<group>"; };
		5AE5174E254FF41D0004DB49 /* sound.cpp */ = {isa = PBXFileReference; fileEncoding = 4; lastKnownFileType = sourcecode.cpp.cpp; name = sound.cpp; path = ../../lib/sound.cpp; sourceTree = "<group>"; };
		5AE5174F254FF41D0004DB49 /* simpio.cpp */ = {isa = PBXFileReference; fileEncoding = 4; lastKnownFileType = sourcecode.cpp.cpp; name = simpio.cpp; path = ../../lib/simpio.cpp; sourceTree = "<group>"; };
		5AE51750254FF41D0004DB49 /* graphicsclient.cpp */ = {isa = PBXFileReference; fileEncoding = 4; lastKnownFileType = sourcecode.cpp.cpp; name = graphicsclient.cpp; path = ../../lib/graphicsclient.cpp; sourceTree = "<group>"; };
		5AE51751254FF41D0004DB49 /* simpio.h */ = {isa = PBXFileReference; fileEncoding = 4; lastKnownFileType = sourcecode.c.h; name = simpio.h; path = ../../lib/simpio.h; sourceTree = "<group>"; };
		5AE51752254FF41D0004DB49 /* lexicon.cpp */ = {isa = PBXFileReference; fileEncoding = 4; lastKnownFileType = sourcecode.cpp.cpp; name = lexicon.cpp; path = ../../lib/lexicon.cpp; sourceTree = "<group>"; };
		5AE51766254FF4AA0004DB49 /* gobjects.h */ = {isa = PBXFileReference; fileEncoding = 4; lastKnownFileType = sourcecode.c.h; path = gobjects.h; sourceTree = "<group>"; };
		5AE51767254FF4AB0004DB49 /* graph.h */ = {isa = PBXFileReference; fileEncoding = 4; lastKnownFileType = sourcecode.c.h; path = graph.h; sourceTree = "<group>"; };
		5AE51768254FF4AB0004DB49 /* gtimer.h */ = {isa = PBXFileReference; fileEncoding = 4; lastKnownFileType = sourcecode.c.h; path = gtimer.h; sourceTree = "<group>"; };
		5AE51769254FF4AB0004DB49 /* grid.h */ = {isa = PBXFileReference; fileEncoding = 4; lastKnownFileType = sourcecode.c.h; path = grid.h; sourceTree = "<group>"; };
		5AE5176A254FF5340004DB49 /* map.h */ = {isa = PBXFileReference; fileEncoding = 4; lastKnownFileType = sourcecode.c.h; path = map.h; sourceTree = "<group>"; };
		5AE5176B254FF5500004DB49 /* main.cpp */ = {isa = PBXFileReference; fileEncoding = 4; lastKnownFileType = sourcecode.cpp.cpp; name = main.cpp; path = ../../../../../Downloads/cpplib/src/main.cpp; sourceTree = "<group>"; };
		5AE5176C254FF5500004DB49 /* gmath.cpp */ = {isa = PBXFileReference; fileEncoding = 4; lastKnownFileType = sourcecode.cpp.cpp; path = gmath.cpp; sourceTree = "<group>"; };
		5AE5176D254FF5510004DB49 /* direction.cpp */ = {isa = PBXFileReference; fileEncoding = 4; lastKnownFileType = sourcecode.cpp.cpp; path = direction.cpp; sourceTree = "<group>"; };
		5AE5176E254FF5510004DB49 /* filelib.cpp */ = {isa = PBXFileReference; fileEncoding = 4; lastKnownFileType = sourcecode.cpp.cpp; path = filelib.cpp; sourceTree = "<group>"; };
		5AE5176F254FF5510004DB49 /* startup.cpp */ = {isa = PBXFileReference; fileEncoding = 4; lastKnownFileType = sourcecode.cpp.cpp; path = startup.cpp; sourceTree = "<group>"; };
		5AE51770254FF5510004DB49 /* random.cpp */ = {isa = PBXFileReference; fileEncoding = 4; lastKnownFileType = sourcecode.cpp.cpp; path = random.cpp; sourceTree = "<group>"; };
		5AE51771254FF5510004DB49 /* strlib.cpp */ = {isa = PBXFileReference; fileEncoding = 4; lastKnownFileType = sourcecode.cpp.cpp; path = strlib.cpp; sourceTree = "<group>"; };
		5AE51772254FF5510004DB49 /* platform.cpp */ = {isa = PBXFileReference; fileEncoding = 4; lastKnownFileType = sourcecode.cpp.cpp; path = platform.cpp; sourceTree = "<group>"; };
		5AE51773254FF5510004DB49 /* gtimer.cpp */ = {isa = PBXFileReference; fileEncoding = 4; lastKnownFileType = sourcecode.cpp.cpp; path = gtimer.cpp; sourceTree = "<group>"; };
		5AE51774254FF5510004DB49 /* console.cpp */ = {isa = PBXFileReference; fileEncoding = 4; lastKnownFileType = sourcecode.cpp.cpp; path = console.cpp; sourceTree = "<group>"; };
		5AE51775254FF5510004DB49 /* gevents.cpp */ = {isa = PBXFileReference; fileEncoding = 4; lastKnownFileType = sourcecode.cpp.cpp; path = gevents.cpp; sourceTree = "<group>"; };
		5AE51776254FF5510004DB49 /* thread.cpp */ = {isa = PBXFileReference; fileEncoding = 4; lastKnownFileType = sourcecode.cpp.cpp; path = thread.cpp; sourceTree = "<group>"; };
		5AE51777254FF5510004DB49 /* gtypes.cpp */ = {isa = PBXFileReference; fileEncoding = 4; lastKnownFileType = sourcecode.cpp.cpp; path = gtypes.cpp; sourceTree = "<group>"; };
		5AE51778254FF5510004DB49 /* simpio.cpp */ = {isa = PBXFileReference; fileEncoding = 4; lastKnownFileType = sourcecode.cpp.cpp; path = simpio.cpp; sourceTree = "<group>"; };
		5AE51779254FF5510004DB49 /* tplatform-posix.cpp */ = {isa = PBXFileReference; fileEncoding = 4; lastKnownFileType = sourcecode.cpp.cpp; path = "tplatform-posix.cpp"; sourceTree = "<group>"; };
		5AE5177A254FF5510004DB49 /* tokenscanner.cpp */ = {isa = PBXFileReference; fileEncoding = 4; lastKnownFileType = sourcecode.cpp.cpp; path = tokenscanner.cpp; sourceTree = "<group>"; };
		5AE5177B254FF5510004DB49 /* point.cpp */ = {isa = PBXFileReference; fileEncoding = 4; lastKnownFileType = sourcecode.cpp.cpp; path = point.cpp; sourceTree = "<group>"; };
		5AE5177C254FF5510004DB49 /* lexicon.cpp */ = {isa = PBXFileReference; fileEncoding = 4; lastKnownFileType = sourcecode.cpp.cpp; path = lexicon.cpp; sourceTree = "<group>"; };
		5AE5177D254FF5510004DB49 /* hashmap.cpp */ = {isa = PBXFileReference; fileEncoding = 4; lastKnownFileType = sourcecode.cpp.cpp; path = hashmap.cpp; sourceTree = "<group>"; };
		5AE5177E254FF5520004DB49 /* sound.cpp */ = {isa = PBXFileReference; fileEncoding = 4; lastKnownFileType = sourcecode.cpp.cpp; path = sound.cpp; sourceTree = "<group>"; };
		5AE5177F254FF5520004DB49 /* ginteractors.cpp */ = {isa = PBXFileReference; fileEncoding = 4; lastKnownFileType = sourcecode.cpp.cpp; path = ginteractors.cpp; sourceTree = "<group>"; };
		5AE51780254FF5520004DB49 /* gobjects.cpp */ = {isa = PBXFileReference; fileEncoding = 4; lastKnownFileType = sourcecode.cpp.cpp; path = gobjects.cpp; sourceTree = "<group>"; };
		5AE51781254FF5520004DB49 /* error.cpp */ = {isa = PBXFileReference; fileEncoding = 4; lastKnownFileType = sourcecode.cpp.cpp; path = error.cpp; sourceTree = "<group>"; };
		5AE51782254FF5520004DB49 /* tests */ = {isa = PBXFileReference; lastKnownFileType = folder; path = tests; sourceTree = "<group>"; };
		5AE51783254FF5520004DB49 /* gwindow.cpp */ = {isa = PBXFileReference; fileEncoding = 4; lastKnownFileType = sourcecode.cpp.cpp; path = gwindow.cpp; sourceTree = "<group>"; };
/* End PBXFileReference section */

/* Begin PBXFrameworksBuildPhase section */
		5AE516B6254F24730004DB49 /* Frameworks */ = {
			isa = PBXFrameworksBuildPhase;
			buildActionMask = 2147483647;
			files = (
			);
			runOnlyForDeploymentPostprocessing = 0;
		};
/* End PBXFrameworksBuildPhase section */

/* Begin PBXGroup section */
		5AE516B0254F24730004DB49 = {
			isa = PBXGroup;
			children = (
				5AE516BB254F24730004DB49 /* ADTAssign */,
				5AE516BA254F24730004DB49 /* Products */,
				5AE516D3254FF0E70004DB49 /* Frameworks */,
			);
			sourceTree = "<group>";
		};
		5AE516BA254F24730004DB49 /* Products */ = {
			isa = PBXGroup;
			children = (
				5AE516B9254F24730004DB49 /* ADTAssign */,
			);
			name = Products;
			sourceTree = "<group>";
		};
		5AE516BB254F24730004DB49 /* ADTAssign */ = {
			isa = PBXGroup;
			children = (
				5AE51774254FF5510004DB49 /* console.cpp */,
				5AE5176D254FF5510004DB49 /* direction.cpp */,
				5AE51781254FF5520004DB49 /* error.cpp */,
				5AE5176E254FF5510004DB49 /* filelib.cpp */,
				5AE51775254FF5510004DB49 /* gevents.cpp */,
				5AE5177F254FF5520004DB49 /* ginteractors.cpp */,
				5AE5176C254FF5500004DB49 /* gmath.cpp */,
				5AE51780254FF5520004DB49 /* gobjects.cpp */,
				5AE51773254FF5510004DB49 /* gtimer.cpp */,
				5AE51777254FF5510004DB49 /* gtypes.cpp */,
				5AE51783254FF5520004DB49 /* gwindow.cpp */,
				5AE5177D254FF5510004DB49 /* hashmap.cpp */,
				5AE5177C254FF5510004DB49 /* lexicon.cpp */,
				5AE5176B254FF5500004DB49 /* main.cpp */,
				5AE51772254FF5510004DB49 /* platform.cpp */,
				5AE5177B254FF5510004DB49 /* point.cpp */,
				5AE51770254FF5510004DB49 /* random.cpp */,
				5AE51778254FF5510004DB49 /* simpio.cpp */,
				5AE5177E254FF5520004DB49 /* sound.cpp */,
				5AE5176F254FF5510004DB49 /* startup.cpp */,
				5AE51771254FF5510004DB49 /* strlib.cpp */,
				5AE51782254FF5520004DB49 /* tests */,
				5AE51776254FF5510004DB49 /* thread.cpp */,
				5AE5177A254FF5510004DB49 /* tokenscanner.cpp */,
				5AE51779254FF5510004DB49 /* tplatform-posix.cpp */,
				5AE51766254FF4AA0004DB49 /* gobjects.h */,
				5AE51767254FF4AB0004DB49 /* graph.h */,
				5AE51769254FF4AB0004DB49 /* grid.h */,
				5AE51768254FF4AB0004DB49 /* gtimer.h */,
				5AE5174B254FF41D0004DB49 /* ClientSocket.cpp */,
				5AE5173F254FF41C0004DB49 /* ClientSocket.h */,
				5AE5173B254FF41C0004DB49 /* extgraph.cpp */,
				5AE5173A254FF41C0004DB49 /* extgraph.h */,
				5AE51746254FF41C0004DB49 /* foreach.h */,
				5AE51731254FF41C0004DB49 /* genlib.cpp */,
				5AE51737254FF41C0004DB49 /* genlib.h */,
				5AE51738254FF41C0004DB49 /* graphics.cpp */,
				5AE5174D254FF41D0004DB49 /* graphics.h */,
				5AE51750254FF41D0004DB49 /* graphicsclient.cpp */,
				5AE51735254FF41C0004DB49 /* graphicsclient.h */,
				5AE51732254FF41C0004DB49 /* init.cpp */,
				5AE51749254FF41D0004DB49 /* init.h */,
				5AE51752254FF41D0004DB49 /* lexicon.cpp */,
				5AE5174C254FF41D0004DB49 /* lexicon.dat */,
				5AE51739254FF41C0004DB49 /* lexicon.h */,
				5AE5176A254FF5340004DB49 /* map.h */,
				5AE5173C254FF41C0004DB49 /* private */,
				5AE5174A254FF41D0004DB49 /* random.cpp */,
				5AE51744254FF41C0004DB49 /* random.h */,
				5AE51748254FF41D0004DB49 /* scanner.cpp */,
				5AE51742254FF41C0004DB49 /* scanner.h */,
				5AE5174F254FF41D0004DB49 /* simpio.cpp */,
				5AE51751254FF41D0004DB49 /* simpio.h */,
				5AE51734254FF41C0004DB49 /* Socket.cpp */,
				5AE51745254FF41C0004DB49 /* Socket.h */,
				5AE5173D254FF41C0004DB49 /* SocketException.h */,
				5AE5174E254FF41D0004DB49 /* sound.cpp */,
				5AE51747254FF41D0004DB49 /* sound.h */,
				5AE5173E254FF41C0004DB49 /* stack.h */,
				5AE51740254FF41C0004DB49 /* strutils.cpp */,
				5AE51743254FF41C0004DB49 /* strutils.h */,
				5AE51733254FF41C0004DB49 /* testgraphics.cpp */,
				5AE51741254FF41C0004DB49 /* testgraphics.h */,
				5AE51736254FF41C0004DB49 /* vector.h */,
				5AE516C5254F24940004DB49 /* maze.cpp */,
				5AE516C4254F24940004DB49 /* maze.h */,
				5AE516BC254F24730004DB49 /* main.cpp */,
				5AE516CE254FEF270004DB49 /* randomwriter.cpp */,
				5AE516CF254FEF270004DB49 /* randomwriter.hpp */,
			);
			path = ADTAssign;
			sourceTree = "<group>";
		};
		5AE516D3254FF0E70004DB49 /* Frameworks */ = {
			isa = PBXGroup;
			children = (
				5AE516D4254FF0E70004DB49 /* lib */,
			);
			name = Frameworks;
			sourceTree = "<group>";
		};
/* End PBXGroup section */

/* Begin PBXNativeTarget section */
		5AE516B8254F24730004DB49 /* ADTAssign */ = {
			isa = PBXNativeTarget;
			buildConfigurationList = 5AE516C0254F24730004DB49 /* Build configuration list for PBXNativeTarget "ADTAssign" */;
			buildPhases = (
				5AE516B5254F24730004DB49 /* Sources */,
				5AE516B6254F24730004DB49 /* Frameworks */,
				5AE516B7254F24730004DB49 /* CopyFiles */,
			);
			buildRules = (
			);
			dependencies = (
			);
			name = ADTAssign;
			productName = ADTAssign;
			productReference = 5AE516B9254F24730004DB49 /* ADTAssign */;
			productType = "com.apple.product-type.tool";
		};
/* End PBXNativeTarget section */

/* Begin PBXProject section */
		5AE516B1254F24730004DB49 /* Project object */ = {
			isa = PBXProject;
			attributes = {
				LastUpgradeCheck = 1210;
				TargetAttributes = {
					5AE516B8254F24730004DB49 = {
						CreatedOnToolsVersion = 12.1;
					};
				};
			};
			buildConfigurationList = 5AE516B4254F24730004DB49 /* Build configuration list for PBXProject "ADTAssign" */;
			compatibilityVersion = "Xcode 9.3";
			developmentRegion = en;
			hasScannedForEncodings = 0;
			knownRegions = (
				en,
				Base,
			);
			mainGroup = 5AE516B0254F24730004DB49;
			productRefGroup = 5AE516BA254F24730004DB49 /* Products */;
			projectDirPath = "";
			projectRoot = "";
			targets = (
				5AE516B8254F24730004DB49 /* ADTAssign */,
			);
		};
/* End PBXProject section */

/* Begin PBXSourcesBuildPhase section */
		5AE516B5254F24730004DB49 /* Sources */ = {
			isa = PBXSourcesBuildPhase;
			buildActionMask = 2147483647;
			files = (
				5AE51798254FF5520004DB49 /* ginteractors.cpp in Sources */,
				5AE51785254FF5520004DB49 /* gmath.cpp in Sources */,
				5AE51758254FF41D0004DB49 /* extgraph.cpp in Sources */,
				5AE5175D254FF41D0004DB49 /* sound.cpp in Sources */,
				5AE5179A254FF5520004DB49 /* error.cpp in Sources */,
				5AE5178A254FF5520004DB49 /* strlib.cpp in Sources */,
				5AE5179B254FF5520004DB49 /* gwindow.cpp in Sources */,
				5AE51794254FF5520004DB49 /* point.cpp in Sources */,
				5AE51784254FF5520004DB49 /* main.cpp in Sources */,
				5AE5175C254FF41D0004DB49 /* ClientSocket.cpp in Sources */,
				5AE51797254FF5520004DB49 /* sound.cpp in Sources */,
				5AE51787254FF5520004DB49 /* filelib.cpp in Sources */,
				5AE5178F254FF5520004DB49 /* thread.cpp in Sources */,
				5AE5175F254FF41D0004DB49 /* graphicsclient.cpp in Sources */,
				5AE51760254FF41D0004DB49 /* lexicon.cpp in Sources */,
				5AE5178D254FF5520004DB49 /* console.cpp in Sources */,
				5AE51755254FF41D0004DB49 /* testgraphics.cpp in Sources */,
				5AE5175A254FF41D0004DB49 /* scanner.cpp in Sources */,
				5AE51756254FF41D0004DB49 /* Socket.cpp in Sources */,
				5AE51753254FF41D0004DB49 /* genlib.cpp in Sources */,
				5AE516D0254FEF270004DB49 /* randomwriter.cpp in Sources */,
				5AE5175E254FF41D0004DB49 /* simpio.cpp in Sources */,
				5AE5178C254FF5520004DB49 /* gtimer.cpp in Sources */,
				5AE51759254FF41D0004DB49 /* strutils.cpp in Sources */,
				5AE516C6254F24940004DB49 /* maze.cpp in Sources */,
				5AE51793254FF5520004DB49 /* tokenscanner.cpp in Sources */,
				5AE51786254FF5520004DB49 /* direction.cpp in Sources */,
				5AE51790254FF5520004DB49 /* gtypes.cpp in Sources */,
				5AE51799254FF5520004DB49 /* gobjects.cpp in Sources */,
				5AE5178E254FF5520004DB49 /* gevents.cpp in Sources */,
				5AE51795254FF5520004DB49 /* lexicon.cpp in Sources */,
				5AE51796254FF5520004DB49 /* hashmap.cpp in Sources */,
				5AE51789254FF5520004DB49 /* random.cpp in Sources */,
				5AE5178B254FF5520004DB49 /* platform.cpp in Sources */,
				5AE5175B254FF41D0004DB49 /* random.cpp in Sources */,
				5AE51754254FF41D0004DB49 /* init.cpp in Sources */,
				5AE51757254FF41D0004DB49 /* graphics.cpp in Sources */,
				5AE516BD254F24730004DB49 /* main.cpp in Sources */,
				5AE51792254FF5520004DB49 /* tplatform-posix.cpp in Sources */,
				5AE51791254FF5520004DB49 /* simpio.cpp in Sources */,
				5AE51788254FF5520004DB49 /* startup.cpp in Sources */,
			);
			runOnlyForDeploymentPostprocessing = 0;
		};
/* End PBXSourcesBuildPhase section */

/* Begin XCBuildConfiguration section */
		5AE516BE254F24730004DB49 /* Debug */ = {
			isa = XCBuildConfiguration;
			buildSettings = {
				ALWAYS_SEARCH_USER_PATHS = NO;
				CLANG_ANALYZER_NONNULL = YES;
				CLANG_ANALYZER_NUMBER_OBJECT_CONVERSION = YES_AGGRESSIVE;
				CLANG_CXX_LANGUAGE_STANDARD = "gnu++14";
				CLANG_CXX_LIBRARY = "libc++";
				CLANG_ENABLE_MODULES = YES;
				CLANG_ENABLE_OBJC_ARC = YES;
				CLANG_ENABLE_OBJC_WEAK = YES;
				CLANG_WARN_BLOCK_CAPTURE_AUTORELEASING = YES;
				CLANG_WARN_BOOL_CONVERSION = YES;
				CLANG_WARN_COMMA = YES;
				CLANG_WARN_CONSTANT_CONVERSION = YES;
				CLANG_WARN_DEPRECATED_OBJC_IMPLEMENTATIONS = YES;
				CLANG_WARN_DIRECT_OBJC_ISA_USAGE = YES_ERROR;
				CLANG_WARN_DOCUMENTATION_COMMENTS = YES;
				CLANG_WARN_EMPTY_BODY = YES;
				CLANG_WARN_ENUM_CONVERSION = YES;
				CLANG_WARN_INFINITE_RECURSION = YES;
				CLANG_WARN_INT_CONVERSION = YES;
				CLANG_WARN_NON_LITERAL_NULL_CONVERSION = YES;
				CLANG_WARN_OBJC_IMPLICIT_RETAIN_SELF = YES;
				CLANG_WARN_OBJC_LITERAL_CONVERSION = YES;
				CLANG_WARN_OBJC_ROOT_CLASS = YES_ERROR;
				CLANG_WARN_QUOTED_INCLUDE_IN_FRAMEWORK_HEADER = YES;
				CLANG_WARN_RANGE_LOOP_ANALYSIS = YES;
				CLANG_WARN_STRICT_PROTOTYPES = YES;
				CLANG_WARN_SUSPICIOUS_MOVE = YES;
				CLANG_WARN_UNGUARDED_AVAILABILITY = YES_AGGRESSIVE;
				CLANG_WARN_UNREACHABLE_CODE = YES;
				CLANG_WARN__DUPLICATE_METHOD_MATCH = YES;
				COPY_PHASE_STRIP = NO;
				DEBUG_INFORMATION_FORMAT = dwarf;
				ENABLE_STRICT_OBJC_MSGSEND = YES;
				ENABLE_TESTABILITY = YES;
				GCC_C_LANGUAGE_STANDARD = gnu11;
				GCC_DYNAMIC_NO_PIC = NO;
				GCC_NO_COMMON_BLOCKS = YES;
				GCC_OPTIMIZATION_LEVEL = 0;
				GCC_PREPROCESSOR_DEFINITIONS = (
					"DEBUG=1",
					"$(inherited)",
				);
				GCC_WARN_64_TO_32_BIT_CONVERSION = YES;
				GCC_WARN_ABOUT_RETURN_TYPE = YES_ERROR;
				GCC_WARN_UNDECLARED_SELECTOR = YES;
				GCC_WARN_UNINITIALIZED_AUTOS = YES_AGGRESSIVE;
				GCC_WARN_UNUSED_FUNCTION = YES;
				GCC_WARN_UNUSED_VARIABLE = YES;
				MACOSX_DEPLOYMENT_TARGET = 10.15;
				MTL_ENABLE_DEBUG_INFO = INCLUDE_SOURCE;
				MTL_FAST_MATH = YES;
				ONLY_ACTIVE_ARCH = YES;
				SDKROOT = macosx;
			};
			name = Debug;
		};
		5AE516BF254F24730004DB49 /* Release */ = {
			isa = XCBuildConfiguration;
			buildSettings = {
				ALWAYS_SEARCH_USER_PATHS = NO;
				CLANG_ANALYZER_NONNULL = YES;
				CLANG_ANALYZER_NUMBER_OBJECT_CONVERSION = YES_AGGRESSIVE;
				CLANG_CXX_LANGUAGE_STANDARD = "gnu++14";
				CLANG_CXX_LIBRARY = "libc++";
				CLANG_ENABLE_MODULES = YES;
				CLANG_ENABLE_OBJC_ARC = YES;
				CLANG_ENABLE_OBJC_WEAK = YES;
				CLANG_WARN_BLOCK_CAPTURE_AUTORELEASING = YES;
				CLANG_WARN_BOOL_CONVERSION = YES;
				CLANG_WARN_COMMA = YES;
				CLANG_WARN_CONSTANT_CONVERSION = YES;
				CLANG_WARN_DEPRECATED_OBJC_IMPLEMENTATIONS = YES;
				CLANG_WARN_DIRECT_OBJC_ISA_USAGE = YES_ERROR;
				CLANG_WARN_DOCUMENTATION_COMMENTS = YES;
				CLANG_WARN_EMPTY_BODY = YES;
				CLANG_WARN_ENUM_CONVERSION = YES;
				CLANG_WARN_INFINITE_RECURSION = YES;
				CLANG_WARN_INT_CONVERSION = YES;
				CLANG_WARN_NON_LITERAL_NULL_CONVERSION = YES;
				CLANG_WARN_OBJC_IMPLICIT_RETAIN_SELF = YES;
				CLANG_WARN_OBJC_LITERAL_CONVERSION = YES;
				CLANG_WARN_OBJC_ROOT_CLASS = YES_ERROR;
				CLANG_WARN_QUOTED_INCLUDE_IN_FRAMEWORK_HEADER = YES;
				CLANG_WARN_RANGE_LOOP_ANALYSIS = YES;
				CLANG_WARN_STRICT_PROTOTYPES = YES;
				CLANG_WARN_SUSPICIOUS_MOVE = YES;
				CLANG_WARN_UNGUARDED_AVAILABILITY = YES_AGGRESSIVE;
				CLANG_WARN_UNREACHABLE_CODE = YES;
				CLANG_WARN__DUPLICATE_METHOD_MATCH = YES;
				COPY_PHASE_STRIP = NO;
				DEBUG_INFORMATION_FORMAT = "dwarf-with-dsym";
				ENABLE_NS_ASSERTIONS = NO;
				ENABLE_STRICT_OBJC_MSGSEND = YES;
				GCC_C_LANGUAGE_STANDARD = gnu11;
				GCC_NO_COMMON_BLOCKS = YES;
				GCC_WARN_64_TO_32_BIT_CONVERSION = YES;
				GCC_WARN_ABOUT_RETURN_TYPE = YES_ERROR;
				GCC_WARN_UNDECLARED_SELECTOR = YES;
				GCC_WARN_UNINITIALIZED_AUTOS = YES_AGGRESSIVE;
				GCC_WARN_UNUSED_FUNCTION = YES;
				GCC_WARN_UNUSED_VARIABLE = YES;
				MACOSX_DEPLOYMENT_TARGET = 10.15;
				MTL_ENABLE_DEBUG_INFO = NO;
				MTL_FAST_MATH = YES;
				SDKROOT = macosx;
			};
			name = Release;
		};
		5AE516C1254F24730004DB49 /* Debug */ = {
			isa = XCBuildConfiguration;
			buildSettings = {
				CODE_SIGN_STYLE = Automatic;
				DEVELOPMENT_TEAM = QDKT8JJ26G;
				ENABLE_HARDENED_RUNTIME = YES;
				LIBRARY_SEARCH_PATHS = (
					"$(inherited)",
					"$(PROJECT_DIR)/ADTAssign",
				);
				PRODUCT_NAME = "$(TARGET_NAME)";
			};
			name = Debug;
		};
		5AE516C2254F24730004DB49 /* Release */ = {
			isa = XCBuildConfiguration;
			buildSettings = {
				CODE_SIGN_STYLE = Automatic;
				DEVELOPMENT_TEAM = QDKT8JJ26G;
				ENABLE_HARDENED_RUNTIME = YES;
				LIBRARY_SEARCH_PATHS = (
					"$(inherited)",
					"$(PROJECT_DIR)/ADTAssign",
				);
				PRODUCT_NAME = "$(TARGET_NAME)";
			};
			name = Release;
		};
/* End XCBuildConfiguration section */

/* Begin XCConfigurationList section */
		5AE516B4254F24730004DB49 /* Build configuration list for PBXProject "ADTAssign" */ = {
			isa = XCConfigurationList;
			buildConfigurations = (
				5AE516BE254F24730004DB49 /* Debug */,
				5AE516BF254F24730004DB49 /* Release */,
			);
			defaultConfigurationIsVisible = 0;
			defaultConfigurationName = Release;
		};
		5AE516C0254F24730004DB49 /* Build configuration list for PBXNativeTarget "ADTAssign" */ = {
			isa = XCConfigurationList;
			buildConfigurations = (
				5AE516C1254F24730004DB49 /* Debug */,
				5AE516C2254F24730004DB49 /* Release */,
			);
			defaultConfigurationIsVisible = 0;
			defaultConfigurationName = Release;
		};
/* End XCConfigurationList section */
	};
	rootObject = 5AE516B1254F24730004DB49 /* Project object */;
}
